
Microsoft Visual Studio Solution File, Format Version 12.00
# Visual Studio 2013
VisualStudioVersion = 12.0.31101.0
MinimumVisualStudioVersion = 10.0.40219.1
Project("{8BC9CEB8-8B4A-11D0-8D11-00A0C91BC942}") = "2016_Mosquito_Serv", "2016_Mosquito_Serv\2016_Mosquito_Serv.vcxproj", "{3BB557FB-4C57-42A9-97D5-C9CBE39BBE03}"
EndProject
Global
	GlobalSection(SolutionConfigurationPlatforms) = preSolution
		Debug|Win32 = Debug|Win32
		Release|Win32 = Release|Win32
	EndGlobalSection
	GlobalSection(ProjectConfigurationPlatforms) = postSolution
		{3BB557FB-4C57-42A9-97D5-C9CBE39BBE03}.Debug|Win32.ActiveCfg = Debug|Win32
		{3BB557FB-4C57-42A9-97D5-C9CBE39BBE03}.Debug|Win32.Build.0 = Debug|Win32
		{3BB557FB-4C57-42A9-97D5-C9CBE39BBE03}.Release|Win32.ActiveCfg = Release|Win32
		{3BB557FB-4C57-42A9-97D5-C9CBE39BBE03}.Release|Win32.Build.0 = Release|Win32
	EndGlobalSection
	GlobalSection(SolutionProperties) = preSolution
		HideSolutionNode = FALSE
	EndGlobalSection
EndGlobal
